{
  "pins" : [
    {
      "identity" : "acarousel",
      "kind" : "remoteSourceControl",
      "location" : "https://github.com/JWAutumn/ACarousel",
      "state" : {
        "branch" : "main",
        "revision" : "807d859fb39ccaae2caf8ff60fb2ee1a5048f4ca"
      }
    },
    {
      "identity" : "alamofire",
      "kind" : "remoteSourceControl",
      "location" : "https://github.com/Alamofire/Alamofire",
      "state" : {
        "branch" : "master",
        "revision" : "8a9e280b160bbe82b725596d5934572be17389fe"
      }
    },
    {
      "identity" : "iphonenumberfield",
      "kind" : "remoteSourceControl",
      "location" : "https://github.com/MojtabaHs/iPhoneNumberField",
      "state" : {
        "revision" : "a6b5fcc6c9b085285932fe4fe754086ab92409cb",
        "version" : "0.6.1"
      }
    },
    {
      "identity" : "lottie-ios",
      "kind" : "remoteSourceControl",
      "location" : "https://github.com/airbnb/lottie-ios.git",
      "state" : {
        "branch" : "master",
        "revision" : "ba6df76bfb762b30864e7d3755f6e260a4f7d91e"
      }
    },
    {
      "identity" : "phonenumberkit",
      "kind" : "remoteSourceControl",
      "location" : "https://github.com/marmelroy/PhoneNumberKit",
      "state" : {
        "revision" : "d4c094934237b23344cf948dd999c431feb8da06",
        "version" : "3.4.1"
      }
    }
  ],
  "version" : 2
}
