{
  "pins" : [
    {
      "identity" : "alamofire",
      "kind" : "remoteSourceControl",
      "location" : "https://github.com/Alamofire/Alamofire",
      "state" : {
        "branch" : "master",
        "revision" : "53a24e871675e389c0d18bdd29e4944ef25f0654"
      }
    },
    {
      "identity" : "iphonenumberfield",
      "kind" : "remoteSourceControl",
      "location" : "https://github.com/MojtabaHs/iPhoneNumberField",
      "state" : {
        "revision" : "a6b5fcc6c9b085285932fe4fe754086ab92409cb",
        "version" : "0.6.1"
      }
    },
    {
      "identity" : "lottie-ios",
      "kind" : "remoteSourceControl",
      "location" : "https://github.com/airbnb/lottie-ios.git",
      "state" : {
        "branch" : "master",
        "revision" : "5b8ea6942ac143355b4b152847bc9e33247e4b26"
      }
    },
    {
      "identity" : "phonenumberkit",
      "kind" : "remoteSourceControl",
      "location" : "https://github.com/marmelroy/PhoneNumberKit",
      "state" : {
        "revision" : "d4c094934237b23344cf948dd999c431feb8da06",
        "version" : "3.4.1"
      }
    }
  ],
  "version" : 2
}
